{
  "nodes": {
    "nixpkgs": {
      "locked": {
        "lastModified": 1708475490,
        "narHash": "sha256-g1v0TsWBQPX97ziznfJdWhgMyMGtoBFs102xSYO4syU=",
        "owner": "NixOS",
        "repo": "nixpkgs",
        "rev": "0e74ca98a74bc7270d28838369593635a5db3260",
        "type": "github"
      },
      "original": {
        "owner": "NixOS",
        "ref": "nixos-unstable",
        "repo": "nixpkgs",
        "type": "github"
      }
    },
    "private": {
      "locked": {
        "lastModified": 1708696181,
        "narHash": "sha256-9flG8Xf+7HaNESPBn2CHSrstafM3qkHdjRWg4qbT944=",
        "ref": "refs/heads/main",
        "rev": "058b2373e458cb85e59eea16a1d5d5b237d55b95",
        "revCount": 3,
        "type": "git",
        "url": "file:private"
      },
      "original": {
        "type": "git",
        "url": "file:private"
      }
    },
    "root": {
      "inputs": {
        "nixpkgs": "nixpkgs",
        "private": "private"
      }
    }
  },
  "root": "root",
  "version": 7
}
