{
  "nodes": {
    "nixpkgs": {
      "locked": {
        "lastModified": 1708475490,
        "narHash": "sha256-g1v0TsWBQPX97ziznfJdWhgMyMGtoBFs102xSYO4syU=",
        "owner": "NixOS",
        "repo": "nixpkgs",
        "rev": "0e74ca98a74bc7270d28838369593635a5db3260",
        "type": "github"
      },
      "original": {
        "owner": "NixOS",
        "ref": "nixos-unstable",
        "repo": "nixpkgs",
        "type": "github"
      }
    },
    "private": {
      "locked": {
        "lastModified": 1708693803,
        "narHash": "sha256-9iQiMayGQXTzbCdwW+BNwSN7v7fzKKE9o/4T/JzsgJc=",
        "ref": "refs/heads/main",
        "rev": "611b110bd22361d7cdbcea493b15943bfd8b6e51",
        "revCount": 2,
        "type": "git",
        "url": "file:private"
      },
      "original": {
        "type": "git",
        "url": "file:private"
      }
    },
    "root": {
      "inputs": {
        "nixpkgs": "nixpkgs",
        "private": "private"
      }
    }
  },
  "root": "root",
  "version": 7
}
